
Microsoft Visual Studio Solution File, Format Version 12.00
# Visual Studio Version 17
VisualStudioVersion = 17.0.31903.59
MinimumVisualStudioVersion = 10.0.40219.1
Project("{FAE04EC0-301F-11D3-BF4B-00C04F79EFBC}") = "PersistanceOfNumbers", "PersistanceOfNumbers\PersistanceOfNumbers.csproj", "{3995731C-EB44-4710-9353-CEEBFB8E37DB}"
EndProject
Global
	GlobalSection(SolutionConfigurationPlatforms) = preSolution
		Debug|Any CPU = Debug|Any CPU
		Release|Any CPU = Release|Any CPU
	EndGlobalSection
	GlobalSection(SolutionProperties) = preSolution
		HideSolutionNode = FALSE
	EndGlobalSection
	GlobalSection(ProjectConfigurationPlatforms) = postSolution
		{3995731C-EB44-4710-9353-CEEBFB8E37DB}.Debug|Any CPU.ActiveCfg = Debug|Any CPU
		{3995731C-EB44-4710-9353-CEEBFB8E37DB}.Debug|Any CPU.Build.0 = Debug|Any CPU
		{3995731C-EB44-4710-9353-CEEBFB8E37DB}.Release|Any CPU.ActiveCfg = Release|Any CPU
		{3995731C-EB44-4710-9353-CEEBFB8E37DB}.Release|Any CPU.Build.0 = Release|Any CPU
	EndGlobalSection
EndGlobal
